
Microsoft Visual Studio Solution File, Format Version 12.00
# Visual Studio 15
VisualStudioVersion = 15.0.28307.421
MinimumVisualStudioVersion = 10.0.40219.1
Project("{FAE04EC0-301F-11D3-BF4B-00C04F79EFBC}") = "ProcessETL", "ProcessETL.csproj", "{B5943773-0F11-43A1-A57D-AC435266036F}"
EndProject
Global
	GlobalSection(SolutionConfigurationPlatforms) = preSolution
		Debug|Any CPU = Debug|Any CPU
		Release|Any CPU = Release|Any CPU
	EndGlobalSection
	GlobalSection(ProjectConfigurationPlatforms) = postSolution
		{B5943773-0F11-43A1-A57D-AC435266036F}.Debug|Any CPU.ActiveCfg = Debug|Any CPU
		{B5943773-0F11-43A1-A57D-AC435266036F}.Debug|Any CPU.Build.0 = Debug|Any CPU
		{B5943773-0F11-43A1-A57D-AC435266036F}.Release|Any CPU.ActiveCfg = Release|Any CPU
		{B5943773-0F11-43A1-A57D-AC435266036F}.Release|Any CPU.Build.0 = Release|Any CPU
	EndGlobalSection
	GlobalSection(SolutionProperties) = preSolution
		HideSolutionNode = FALSE
	EndGlobalSection
	GlobalSection(ExtensibilityGlobals) = postSolution
		SolutionGuid = {1D0410F0-A909-43C5-A967-38C91057EC95}
	EndGlobalSection
EndGlobal
